
Microsoft Visual Studio Solution File, Format Version 10.00
# Visual Studio 2008
Project("{E24C65DC-7377-472B-9ABA-BC803B73C61A}") = "Version1.0", "..\..\WebSites\Version1.0\", "{18CF831F-98F3-4C21-AE0A-B193016F633F}"
	ProjectSection(WebsiteProperties) = preProject
		TargetFramework = "3.5"
		Debug.AspNetCompiler.VirtualPath = "/Version1.0"
		Debug.AspNetCompiler.PhysicalPath = "..\..\WebSites\Version1.0\"
		Debug.AspNetCompiler.TargetPath = "PrecompiledWeb\Version1.0\"
		Debug.AspNetCompiler.Updateable = "true"
		Debug.AspNetCompiler.ForceOverwrite = "true"
		Debug.AspNetCompiler.FixedNames = "false"
		Debug.AspNetCompiler.Debug = "True"
		Release.AspNetCompiler.VirtualPath = "/Version1.0"
		Release.AspNetCompiler.PhysicalPath = "..\..\WebSites\Version1.0\"
		Release.AspNetCompiler.TargetPath = "PrecompiledWeb\Version1.0\"
		Release.AspNetCompiler.Updateable = "true"
		Release.AspNetCompiler.ForceOverwrite = "true"
		Release.AspNetCompiler.FixedNames = "false"
		Release.AspNetCompiler.Debug = "False"
		VWDPort = "51344"
		DefaultWebSiteLanguage = "Visual C#"
	EndProjectSection
EndProject
Global
	GlobalSection(SolutionConfigurationPlatforms) = preSolution
		Debug|.NET = Debug|.NET
	EndGlobalSection
	GlobalSection(ProjectConfigurationPlatforms) = postSolution
		{18CF831F-98F3-4C21-AE0A-B193016F633F}.Debug|.NET.ActiveCfg = Debug|.NET
		{18CF831F-98F3-4C21-AE0A-B193016F633F}.Debug|.NET.Build.0 = Debug|.NET
	EndGlobalSection
	GlobalSection(SolutionProperties) = preSolution
		HideSolutionNode = FALSE
	EndGlobalSection
EndGlobal
